// !$*UTF8*$!
{
	archiveVersion = 1;
	classes = {
	};
	objectVersion = 55;
	objects = {

/* Begin PBXBuildFile section */
		340A400327908FC700A616FC /* SnapKit in Frameworks */ = {isa = PBXBuildFile; productRef = 340A400227908FC700A616FC /* SnapKit */; };
		3412E1BE2792CE48000FE043 /* ViewModelBuilder.swift in Sources */ = {isa = PBXBuildFile; fileRef = 3412E1BD2792CE48000FE043 /* ViewModelBuilder.swift */; };
		34170FE0279450F800AFD7A8 /* String+emptyString.swift in Sources */ = {isa = PBXBuildFile; fileRef = 34170FDF279450F800AFD7A8 /* String+emptyString.swift */; };
		3428E95E2792D993001DA34F /* CollectionViewModel.swift in Sources */ = {isa = PBXBuildFile; fileRef = 3428E95D2792D993001DA34F /* CollectionViewModel.swift */; };
		348DC83727907CD6000EDCFE /* TransparentCell.swift in Sources */ = {isa = PBXBuildFile; fileRef = 348DC83627907CD6000EDCFE /* TransparentCell.swift */; };
		348DC83927907D0F000EDCFE /* CurrentHeader.swift in Sources */ = {isa = PBXBuildFile; fileRef = 348DC83827907D0F000EDCFE /* CurrentHeader.swift */; };
		348DC83B27907D1A000EDCFE /* DailyCell.swift in Sources */ = {isa = PBXBuildFile; fileRef = 348DC83A27907D1A000EDCFE /* DailyCell.swift */; };
		348DC84327907D24000EDCFE /* HourlyFooter.swift in Sources */ = {isa = PBXBuildFile; fileRef = 348DC83C27907D24000EDCFE /* HourlyFooter.swift */; };
		348DC84427907D24000EDCFE /* Date+StringValue.swift in Sources */ = {isa = PBXBuildFile; fileRef = 348DC83D27907D24000EDCFE /* Date+StringValue.swift */; };
		348DC84527907D24000EDCFE /* DetailCell.swift in Sources */ = {isa = PBXBuildFile; fileRef = 348DC83E27907D24000EDCFE /* DetailCell.swift */; };
		348DC84627907D24000EDCFE /* HTTPURLResponse+statusOK.swift in Sources */ = {isa = PBXBuildFile; fileRef = 348DC83F27907D24000EDCFE /* HTTPURLResponse+statusOK.swift */; };
		348DC84727907D24000EDCFE /* HourlyCell.swift in Sources */ = {isa = PBXBuildFile; fileRef = 348DC84027907D24000EDCFE /* HourlyCell.swift */; };
		348DC84827907D24000EDCFE /* Double+StringTemp.swift in Sources */ = {isa = PBXBuildFile; fileRef = 348DC84127907D24000EDCFE /* Double+StringTemp.swift */; };
		348DC84927907D24000EDCFE /* Int+windDirectionFromDegree.swift in Sources */ = {isa = PBXBuildFile; fileRef = 348DC84227907D24000EDCFE /* Int+windDirectionFromDegree.swift */; };
		348DC85327907D70000EDCFE /* API.swift in Sources */ = {isa = PBXBuildFile; fileRef = 348DC84E27907D70000EDCFE /* API.swift */; };
		348DC87927907DA5000EDCFE /* SectionWithItemsViewModel.swift in Sources */ = {isa = PBXBuildFile; fileRef = 348DC86427907DA5000EDCFE /* SectionWithItemsViewModel.swift */; };
		348DC87B27907DA5000EDCFE /* Screen.swift in Sources */ = {isa = PBXBuildFile; fileRef = 348DC86627907DA5000EDCFE /* Screen.swift */; };
		348DC88727907DEE000EDCFE /* TodayCell.swift in Sources */ = {isa = PBXBuildFile; fileRef = 348DC87D27907DEE000EDCFE /* TodayCell.swift */; };
		348DC88827907DEE000EDCFE /* UICollectionView+Register.swift in Sources */ = {isa = PBXBuildFile; fileRef = 348DC87E27907DEE000EDCFE /* UICollectionView+Register.swift */; };
		348DC88927907DEE000EDCFE /* UILabel+ConvenienceInit.swift in Sources */ = {isa = PBXBuildFile; fileRef = 348DC87F27907DEE000EDCFE /* UILabel+ConvenienceInit.swift */; };
		348DC88A27907DEE000EDCFE /* UIFont+WeatherFonts.swift in Sources */ = {isa = PBXBuildFile; fileRef = 348DC88027907DEE000EDCFE /* UIFont+WeatherFonts.swift */; };
		348DC88B27907DEE000EDCFE /* ViewRepresentable.swift in Sources */ = {isa = PBXBuildFile; fileRef = 348DC88127907DEE000EDCFE /* ViewRepresentable.swift */; };
		348DC88D27907DEE000EDCFE /* UIView+Extension.swift in Sources */ = {isa = PBXBuildFile; fileRef = 348DC88327907DEE000EDCFE /* UIView+Extension.swift */; };
		348DC88E27907DEE000EDCFE /* LinkCell.swift in Sources */ = {isa = PBXBuildFile; fileRef = 348DC88427907DEE000EDCFE /* LinkCell.swift */; };
		348DC89027907DEE000EDCFE /* UIColor+WeatherColors.swift in Sources */ = {isa = PBXBuildFile; fileRef = 348DC88627907DEE000EDCFE /* UIColor+WeatherColors.swift */; };
		348DC89827907E19000EDCFE /* WeatherView.swift in Sources */ = {isa = PBXBuildFile; fileRef = 348DC89527907E19000EDCFE /* WeatherView.swift */; };
		348DC89927907E19000EDCFE /* WeatherFlowLayout.swift in Sources */ = {isa = PBXBuildFile; fileRef = 348DC89627907E19000EDCFE /* WeatherFlowLayout.swift */; };
		348DC89A27907E19000EDCFE /* HomeViewController.swift in Sources */ = {isa = PBXBuildFile; fileRef = 348DC89727907E19000EDCFE /* HomeViewController.swift */; };
		349B17942791DB1600FF46BB /* NetworkRequest.swift in Sources */ = {isa = PBXBuildFile; fileRef = 349B17932791DB1600FF46BB /* NetworkRequest.swift */; };
		349B17962791DBCD00FF46BB /* Networking.swift in Sources */ = {isa = PBXBuildFile; fileRef = 349B17952791DBCD00FF46BB /* Networking.swift */; };
		349B17982791DC0000FF46BB /* ApiService.swift in Sources */ = {isa = PBXBuildFile; fileRef = 349B17972791DC0000FF46BB /* ApiService.swift */; };
		34BEF455279189B9001C765D /* HomePresenter.swift in Sources */ = {isa = PBXBuildFile; fileRef = 34BEF44F279189B9001C765D /* HomePresenter.swift */; };
		34BEF456279189B9001C765D /* HomeWorker.swift in Sources */ = {isa = PBXBuildFile; fileRef = 34BEF450279189B9001C765D /* HomeWorker.swift */; };
		34BEF457279189B9001C765D /* HomeRouter.swift in Sources */ = {isa = PBXBuildFile; fileRef = 34BEF451279189B9001C765D /* HomeRouter.swift */; };
		34BEF458279189B9001C765D /* HomeModels.swift in Sources */ = {isa = PBXBuildFile; fileRef = 34BEF452279189B9001C765D /* HomeModels.swift */; };
		34BEF45A279189B9001C765D /* HomeInteractor.swift in Sources */ = {isa = PBXBuildFile; fileRef = 34BEF454279189B9001C765D /* HomeInteractor.swift */; };
		34E9370027906EB1003C5FD7 /* AppDelegate.swift in Sources */ = {isa = PBXBuildFile; fileRef = 34E936FF27906EB1003C5FD7 /* AppDelegate.swift */; };
		34E9370227906EB1003C5FD7 /* SceneDelegate.swift in Sources */ = {isa = PBXBuildFile; fileRef = 34E9370127906EB1003C5FD7 /* SceneDelegate.swift */; };
		34E9370C27906EB1003C5FD7 /* Assets.xcassets in Resources */ = {isa = PBXBuildFile; fileRef = 34E9370B27906EB1003C5FD7 /* Assets.xcassets */; };
		34E9370F27906EB1003C5FD7 /* LaunchScreen.storyboard in Resources */ = {isa = PBXBuildFile; fileRef = 34E9370D27906EB1003C5FD7 /* LaunchScreen.storyboard */; };
		34E9371A27906EB1003C5FD7 /* iOSWeatherTests.swift in Sources */ = {isa = PBXBuildFile; fileRef = 34E9371927906EB1003C5FD7 /* iOSWeatherTests.swift */; };
		34E9372427906EB1003C5FD7 /* iOSWeatherUITests.swift in Sources */ = {isa = PBXBuildFile; fileRef = 34E9372327906EB1003C5FD7 /* iOSWeatherUITests.swift */; };
		34E9372627906EB1003C5FD7 /* iOSWeatherUITestsLaunchTests.swift in Sources */ = {isa = PBXBuildFile; fileRef = 34E9372527906EB1003C5FD7 /* iOSWeatherUITestsLaunchTests.swift */; };
/* End PBXBuildFile section */

/* Begin PBXContainerItemProxy section */
		34E9371627906EB1003C5FD7 /* PBXContainerItemProxy */ = {
			isa = PBXContainerItemProxy;
			containerPortal = 34E936F427906EB1003C5FD7 /* Project object */;
			proxyType = 1;
			remoteGlobalIDString = 34E936FB27906EB1003C5FD7;
			remoteInfo = iOSWeather;
		};
		34E9372027906EB1003C5FD7 /* PBXContainerItemProxy */ = {
			isa = PBXContainerItemProxy;
			containerPortal = 34E936F427906EB1003C5FD7 /* Project object */;
			proxyType = 1;
			remoteGlobalIDString = 34E936FB27906EB1003C5FD7;
			remoteInfo = iOSWeather;
		};
/* End PBXContainerItemProxy section */

/* Begin PBXFileReference section */
		3412E1BD2792CE48000FE043 /* ViewModelBuilder.swift */ = {isa = PBXFileReference; lastKnownFileType = sourcecode.swift; path = ViewModelBuilder.swift; sourceTree = "<group>"; };
		34170FDF279450F800AFD7A8 /* String+emptyString.swift */ = {isa = PBXFileReference; lastKnownFileType = sourcecode.swift; path = "String+emptyString.swift"; sourceTree = "<group>"; };
		3428E95D2792D993001DA34F /* CollectionViewModel.swift */ = {isa = PBXFileReference; lastKnownFileType = sourcecode.swift; path = CollectionViewModel.swift; sourceTree = "<group>"; };
		348DC83627907CD6000EDCFE /* TransparentCell.swift */ = {isa = PBXFileReference; fileEncoding = 4; lastKnownFileType = sourcecode.swift; path = TransparentCell.swift; sourceTree = "<group>"; };
		348DC83827907D0F000EDCFE /* CurrentHeader.swift */ = {isa = PBXFileReference; fileEncoding = 4; lastKnownFileType = sourcecode.swift; path = CurrentHeader.swift; sourceTree = "<group>"; };
		348DC83A27907D1A000EDCFE /* DailyCell.swift */ = {isa = PBXFileReference; fileEncoding = 4; lastKnownFileType = sourcecode.swift; path = DailyCell.swift; sourceTree = "<group>"; };
		348DC83C27907D24000EDCFE /* HourlyFooter.swift */ = {isa = PBXFileReference; fileEncoding = 4; lastKnownFileType = sourcecode.swift; path = HourlyFooter.swift; sourceTree = "<group>"; };
		348DC83D27907D24000EDCFE /* Date+StringValue.swift */ = {isa = PBXFileReference; fileEncoding = 4; lastKnownFileType = sourcecode.swift; path = "Date+StringValue.swift"; sourceTree = "<group>"; };
		348DC83E27907D24000EDCFE /* DetailCell.swift */ = {isa = PBXFileReference; fileEncoding = 4; lastKnownFileType = sourcecode.swift; path = DetailCell.swift; sourceTree = "<group>"; };
		348DC83F27907D24000EDCFE /* HTTPURLResponse+statusOK.swift */ = {isa = PBXFileReference; fileEncoding = 4; lastKnownFileType = sourcecode.swift; path = "HTTPURLResponse+statusOK.swift"; sourceTree = "<group>"; };
		348DC84027907D24000EDCFE /* HourlyCell.swift */ = {isa = PBXFileReference; fileEncoding = 4; lastKnownFileType = sourcecode.swift; path = HourlyCell.swift; sourceTree = "<group>"; };
		348DC84127907D24000EDCFE /* Double+StringTemp.swift */ = {isa = PBXFileReference; fileEncoding = 4; lastKnownFileType = sourcecode.swift; path = "Double+StringTemp.swift"; sourceTree = "<group>"; };
		348DC84227907D24000EDCFE /* Int+windDirectionFromDegree.swift */ = {isa = PBXFileReference; fileEncoding = 4; lastKnownFileType = sourcecode.swift; path = "Int+windDirectionFromDegree.swift"; sourceTree = "<group>"; };
		348DC84E27907D70000EDCFE /* API.swift */ = {isa = PBXFileReference; fileEncoding = 4; lastKnownFileType = sourcecode.swift; path = API.swift; sourceTree = "<group>"; };
		348DC86427907DA5000EDCFE /* SectionWithItemsViewModel.swift */ = {isa = PBXFileReference; fileEncoding = 4; lastKnownFileType = sourcecode.swift; path = SectionWithItemsViewModel.swift; sourceTree = "<group>"; };
		348DC86627907DA5000EDCFE /* Screen.swift */ = {isa = PBXFileReference; fileEncoding = 4; lastKnownFileType = sourcecode.swift; path = Screen.swift; sourceTree = "<group>"; };
		348DC87D27907DEE000EDCFE /* TodayCell.swift */ = {isa = PBXFileReference; fileEncoding = 4; lastKnownFileType = sourcecode.swift; path = TodayCell.swift; sourceTree = "<group>"; };
		348DC87E27907DEE000EDCFE /* UICollectionView+Register.swift */ = {isa = PBXFileReference; fileEncoding = 4; lastKnownFileType = sourcecode.swift; path = "UICollectionView+Register.swift"; sourceTree = "<group>"; };
		348DC87F27907DEE000EDCFE /* UILabel+ConvenienceInit.swift */ = {isa = PBXFileReference; fileEncoding = 4; lastKnownFileType = sourcecode.swift; path = "UILabel+ConvenienceInit.swift"; sourceTree = "<group>"; };
		348DC88027907DEE000EDCFE /* UIFont+WeatherFonts.swift */ = {isa = PBXFileReference; fileEncoding = 4; lastKnownFileType = sourcecode.swift; path = "UIFont+WeatherFonts.swift"; sourceTree = "<group>"; };
		348DC88127907DEE000EDCFE /* ViewRepresentable.swift */ = {isa = PBXFileReference; fileEncoding = 4; lastKnownFileType = sourcecode.swift; path = ViewRepresentable.swift; sourceTree = "<group>"; };
		348DC88327907DEE000EDCFE /* UIView+Extension.swift */ = {isa = PBXFileReference; fileEncoding = 4; lastKnownFileType = sourcecode.swift; path = "UIView+Extension.swift"; sourceTree = "<group>"; };
		348DC88427907DEE000EDCFE /* LinkCell.swift */ = {isa = PBXFileReference; fileEncoding = 4; lastKnownFileType = sourcecode.swift; path = LinkCell.swift; sourceTree = "<group>"; };
		348DC88627907DEE000EDCFE /* UIColor+WeatherColors.swift */ = {isa = PBXFileReference; fileEncoding = 4; lastKnownFileType = sourcecode.swift; path = "UIColor+WeatherColors.swift"; sourceTree = "<group>"; };
		348DC89527907E19000EDCFE /* WeatherView.swift */ = {isa = PBXFileReference; fileEncoding = 4; lastKnownFileType = sourcecode.swift; path = WeatherView.swift; sourceTree = "<group>"; };
		348DC89627907E19000EDCFE /* WeatherFlowLayout.swift */ = {isa = PBXFileReference; fileEncoding = 4; lastKnownFileType = sourcecode.swift; path = WeatherFlowLayout.swift; sourceTree = "<group>"; };
		348DC89727907E19000EDCFE /* HomeViewController.swift */ = {isa = PBXFileReference; fileEncoding = 4; lastKnownFileType = sourcecode.swift; path = HomeViewController.swift; sourceTree = "<group>"; };
		349B17932791DB1600FF46BB /* NetworkRequest.swift */ = {isa = PBXFileReference; lastKnownFileType = sourcecode.swift; path = NetworkRequest.swift; sourceTree = "<group>"; };
		349B17952791DBCD00FF46BB /* Networking.swift */ = {isa = PBXFileReference; lastKnownFileType = sourcecode.swift; path = Networking.swift; sourceTree = "<group>"; };
		349B17972791DC0000FF46BB /* ApiService.swift */ = {isa = PBXFileReference; lastKnownFileType = sourcecode.swift; path = ApiService.swift; sourceTree = "<group>"; };
		34BEF44F279189B9001C765D /* HomePresenter.swift */ = {isa = PBXFileReference; lastKnownFileType = sourcecode.swift; path = HomePresenter.swift; sourceTree = "<group>"; };
		34BEF450279189B9001C765D /* HomeWorker.swift */ = {isa = PBXFileReference; lastKnownFileType = sourcecode.swift; path = HomeWorker.swift; sourceTree = "<group>"; };
		34BEF451279189B9001C765D /* HomeRouter.swift */ = {isa = PBXFileReference; lastKnownFileType = sourcecode.swift; path = HomeRouter.swift; sourceTree = "<group>"; };
		34BEF452279189B9001C765D /* HomeModels.swift */ = {isa = PBXFileReference; lastKnownFileType = sourcecode.swift; path = HomeModels.swift; sourceTree = "<group>"; };
		34BEF454279189B9001C765D /* HomeInteractor.swift */ = {isa = PBXFileReference; lastKnownFileType = sourcecode.swift; path = HomeInteractor.swift; sourceTree = "<group>"; };
		34E936FC27906EB1003C5FD7 /* iOSWeather.app */ = {isa = PBXFileReference; explicitFileType = wrapper.application; includeInIndex = 0; path = iOSWeather.app; sourceTree = BUILT_PRODUCTS_DIR; };
		34E936FF27906EB1003C5FD7 /* AppDelegate.swift */ = {isa = PBXFileReference; lastKnownFileType = sourcecode.swift; path = AppDelegate.swift; sourceTree = "<group>"; };
		34E9370127906EB1003C5FD7 /* SceneDelegate.swift */ = {isa = PBXFileReference; lastKnownFileType = sourcecode.swift; path = SceneDelegate.swift; sourceTree = "<group>"; };
		34E9370B27906EB1003C5FD7 /* Assets.xcassets */ = {isa = PBXFileReference; lastKnownFileType = folder.assetcatalog; path = Assets.xcassets; sourceTree = "<group>"; };
		34E9370E27906EB1003C5FD7 /* Base */ = {isa = PBXFileReference; lastKnownFileType = file.storyboard; name = Base; path = Base.lproj/LaunchScreen.storyboard; sourceTree = "<group>"; };
		34E9371027906EB1003C5FD7 /* Info.plist */ = {isa = PBXFileReference; lastKnownFileType = text.plist.xml; path = Info.plist; sourceTree = "<group>"; };
		34E9371527906EB1003C5FD7 /* iOSWeatherTests.xctest */ = {isa = PBXFileReference; explicitFileType = wrapper.cfbundle; includeInIndex = 0; path = iOSWeatherTests.xctest; sourceTree = BUILT_PRODUCTS_DIR; };
		34E9371927906EB1003C5FD7 /* iOSWeatherTests.swift */ = {isa = PBXFileReference; lastKnownFileType = sourcecode.swift; path = iOSWeatherTests.swift; sourceTree = "<group>"; };
		34E9371F27906EB1003C5FD7 /* iOSWeatherUITests.xctest */ = {isa = PBXFileReference; explicitFileType = wrapper.cfbundle; includeInIndex = 0; path = iOSWeatherUITests.xctest; sourceTree = BUILT_PRODUCTS_DIR; };
		34E9372327906EB1003C5FD7 /* iOSWeatherUITests.swift */ = {isa = PBXFileReference; lastKnownFileType = sourcecode.swift; path = iOSWeatherUITests.swift; sourceTree = "<group>"; };
		34E9372527906EB1003C5FD7 /* iOSWeatherUITestsLaunchTests.swift */ = {isa = PBXFileReference; lastKnownFileType = sourcecode.swift; path = iOSWeatherUITestsLaunchTests.swift; sourceTree = "<group>"; };
/* End PBXFileReference section */

/* Begin PBXFrameworksBuildPhase section */
		34E936F927906EB1003C5FD7 /* Frameworks */ = {
			isa = PBXFrameworksBuildPhase;
			buildActionMask = 2147483647;
			files = (
				340A400327908FC700A616FC /* SnapKit in Frameworks */,
			);
			runOnlyForDeploymentPostprocessing = 0;
		};
		34E9371227906EB1003C5FD7 /* Frameworks */ = {
			isa = PBXFrameworksBuildPhase;
			buildActionMask = 2147483647;
			files = (
			);
			runOnlyForDeploymentPostprocessing = 0;
		};
		34E9371C27906EB1003C5FD7 /* Frameworks */ = {
			isa = PBXFrameworksBuildPhase;
			buildActionMask = 2147483647;
			files = (
			);
			runOnlyForDeploymentPostprocessing = 0;
		};
/* End PBXFrameworksBuildPhase section */

/* Begin PBXGroup section */
		340A3FFC2790856F00A616FC /* Extensions */ = {
			isa = PBXGroup;
			children = (
				348DC88627907DEE000EDCFE /* UIColor+WeatherColors.swift */,
				34170FDF279450F800AFD7A8 /* String+emptyString.swift */,
				348DC87E27907DEE000EDCFE /* UICollectionView+Register.swift */,
				348DC84227907D24000EDCFE /* Int+windDirectionFromDegree.swift */,
				348DC83F27907D24000EDCFE /* HTTPURLResponse+statusOK.swift */,
				348DC84127907D24000EDCFE /* Double+StringTemp.swift */,
				348DC83D27907D24000EDCFE /* Date+StringValue.swift */,
				348DC88027907DEE000EDCFE /* UIFont+WeatherFonts.swift */,
				348DC87F27907DEE000EDCFE /* UILabel+ConvenienceInit.swift */,
				348DC88327907DEE000EDCFE /* UIView+Extension.swift */,
			);
			path = Extensions;
			sourceTree = "<group>";
		};
		340A40062790C32900A616FC /* Global */ = {
			isa = PBXGroup;
			children = (
				348DC84E27907D70000EDCFE /* API.swift */,
				348DC86627907DA5000EDCFE /* Screen.swift */,
			);
			path = Global;
			sourceTree = "<group>";
		};
		344A8185279213E9007601CE /* Protocols */ = {
			isa = PBXGroup;
			children = (
				348DC86427907DA5000EDCFE /* SectionWithItemsViewModel.swift */,
				348DC88127907DEE000EDCFE /* ViewRepresentable.swift */,
				3428E95D2792D993001DA34F /* CollectionViewModel.swift */,
			);
			name = Protocols;
			sourceTree = "<group>";
		};
		34BEF45B27918C85001C765D /* HomeScene */ = {
			isa = PBXGroup;
			children = (
				34BEF45F27919304001C765D /* Subviews */,
				34BEF45D2791925D001C765D /* ViewModels */,
				348DC89727907E19000EDCFE /* HomeViewController.swift */,
				34BEF454279189B9001C765D /* HomeInteractor.swift */,
				34BEF450279189B9001C765D /* HomeWorker.swift */,
				34BEF44F279189B9001C765D /* HomePresenter.swift */,
				34BEF451279189B9001C765D /* HomeRouter.swift */,
				34BEF452279189B9001C765D /* HomeModels.swift */,
			);
			name = HomeScene;
			sourceTree = "<group>";
		};
		34BEF45C27919218001C765D /* Services */ = {
			isa = PBXGroup;
			children = (
				349B17932791DB1600FF46BB /* NetworkRequest.swift */,
				349B17952791DBCD00FF46BB /* Networking.swift */,
				349B17972791DC0000FF46BB /* ApiService.swift */,
			);
			name = Services;
			sourceTree = "<group>";
		};
		34BEF45D2791925D001C765D /* ViewModels */ = {
			isa = PBXGroup;
			children = (
				344A8185279213E9007601CE /* Protocols */,
				3412E1BD2792CE48000FE043 /* ViewModelBuilder.swift */,
			);
			path = ViewModels;
			sourceTree = "<group>";
		};
		34BEF45F27919304001C765D /* Subviews */ = {
			isa = PBXGroup;
			children = (
				348DC89527907E19000EDCFE /* WeatherView.swift */,
				348DC89627907E19000EDCFE /* WeatherFlowLayout.swift */,
				348DC83627907CD6000EDCFE /* TransparentCell.swift */,
				348DC83827907D0F000EDCFE /* CurrentHeader.swift */,
				348DC83C27907D24000EDCFE /* HourlyFooter.swift */,
				348DC84027907D24000EDCFE /* HourlyCell.swift */,
				348DC83A27907D1A000EDCFE /* DailyCell.swift */,
				348DC83E27907D24000EDCFE /* DetailCell.swift */,
				348DC88427907DEE000EDCFE /* LinkCell.swift */,
				348DC87D27907DEE000EDCFE /* TodayCell.swift */,
			);
			name = Subviews;
			sourceTree = "<group>";
		};
		34E936F327906EB1003C5FD7 = {
			isa = PBXGroup;
			children = (
				34E936FE27906EB1003C5FD7 /* iOSWeather */,
				34E9371827906EB1003C5FD7 /* iOSWeatherTests */,
				34E9372227906EB1003C5FD7 /* iOSWeatherUITests */,
				34E936FD27906EB1003C5FD7 /* Products */,
			);
			sourceTree = "<group>";
		};
		34E936FD27906EB1003C5FD7 /* Products */ = {
			isa = PBXGroup;
			children = (
				34E936FC27906EB1003C5FD7 /* iOSWeather.app */,
				34E9371527906EB1003C5FD7 /* iOSWeatherTests.xctest */,
				34E9371F27906EB1003C5FD7 /* iOSWeatherUITests.xctest */,
			);
			name = Products;
			sourceTree = "<group>";
		};
		34E936FE27906EB1003C5FD7 /* iOSWeather */ = {
			isa = PBXGroup;
			children = (
				34E9370D27906EB1003C5FD7 /* LaunchScreen.storyboard */,
				34E936FF27906EB1003C5FD7 /* AppDelegate.swift */,
				34E9370127906EB1003C5FD7 /* SceneDelegate.swift */,
				34E9370B27906EB1003C5FD7 /* Assets.xcassets */,
				34E9371027906EB1003C5FD7 /* Info.plist */,
				34BEF45B27918C85001C765D /* HomeScene */,
				340A40062790C32900A616FC /* Global */,
				340A3FFC2790856F00A616FC /* Extensions */,
				34BEF45C27919218001C765D /* Services */,
			);
			path = iOSWeather;
			sourceTree = "<group>";
		};
		34E9371827906EB1003C5FD7 /* iOSWeatherTests */ = {
			isa = PBXGroup;
			children = (
				34E9371927906EB1003C5FD7 /* iOSWeatherTests.swift */,
			);
			path = iOSWeatherTests;
			sourceTree = "<group>";
		};
		34E9372227906EB1003C5FD7 /* iOSWeatherUITests */ = {
			isa = PBXGroup;
			children = (
				34E9372327906EB1003C5FD7 /* iOSWeatherUITests.swift */,
				34E9372527906EB1003C5FD7 /* iOSWeatherUITestsLaunchTests.swift */,
			);
			path = iOSWeatherUITests;
			sourceTree = "<group>";
		};
/* End PBXGroup section */

/* Begin PBXNativeTarget section */
		34E936FB27906EB1003C5FD7 /* iOSWeather */ = {
			isa = PBXNativeTarget;
			buildConfigurationList = 34E9372927906EB1003C5FD7 /* Build configuration list for PBXNativeTarget "iOSWeather" */;
			buildPhases = (
				34E936F827906EB1003C5FD7 /* Sources */,
				34E936F927906EB1003C5FD7 /* Frameworks */,
				34E936FA27906EB1003C5FD7 /* Resources */,
			);
			buildRules = (
			);
			dependencies = (
			);
			name = iOSWeather;
			packageProductDependencies = (
				340A400227908FC700A616FC /* SnapKit */,
			);
			productName = iOSWeather;
			productReference = 34E936FC27906EB1003C5FD7 /* iOSWeather.app */;
			productType = "com.apple.product-type.application";
		};
		34E9371427906EB1003C5FD7 /* iOSWeatherTests */ = {
			isa = PBXNativeTarget;
			buildConfigurationList = 34E9372C27906EB1003C5FD7 /* Build configuration list for PBXNativeTarget "iOSWeatherTests" */;
			buildPhases = (
				34E9371127906EB1003C5FD7 /* Sources */,
				34E9371227906EB1003C5FD7 /* Frameworks */,
				34E9371327906EB1003C5FD7 /* Resources */,
			);
			buildRules = (
			);
			dependencies = (
				34E9371727906EB1003C5FD7 /* PBXTargetDependency */,
			);
			name = iOSWeatherTests;
			productName = iOSWeatherTests;
			productReference = 34E9371527906EB1003C5FD7 /* iOSWeatherTests.xctest */;
			productType = "com.apple.product-type.bundle.unit-test";
		};
		34E9371E27906EB1003C5FD7 /* iOSWeatherUITests */ = {
			isa = PBXNativeTarget;
			buildConfigurationList = 34E9372F27906EB1003C5FD7 /* Build configuration list for PBXNativeTarget "iOSWeatherUITests" */;
			buildPhases = (
				34E9371B27906EB1003C5FD7 /* Sources */,
				34E9371C27906EB1003C5FD7 /* Frameworks */,
				34E9371D27906EB1003C5FD7 /* Resources */,
			);
			buildRules = (
			);
			dependencies = (
				34E9372127906EB1003C5FD7 /* PBXTargetDependency */,
			);
			name = iOSWeatherUITests;
			productName = iOSWeatherUITests;
			productReference = 34E9371F27906EB1003C5FD7 /* iOSWeatherUITests.xctest */;
			productType = "com.apple.product-type.bundle.ui-testing";
		};
/* End PBXNativeTarget section */

/* Begin PBXProject section */
		34E936F427906EB1003C5FD7 /* Project object */ = {
			isa = PBXProject;
			attributes = {
				BuildIndependentTargetsInParallel = 1;
				LastSwiftUpdateCheck = 1320;
				LastUpgradeCheck = 1320;
				TargetAttributes = {
					34E936FB27906EB1003C5FD7 = {
						CreatedOnToolsVersion = 13.2.1;
					};
					34E9371427906EB1003C5FD7 = {
						CreatedOnToolsVersion = 13.2.1;
						TestTargetID = 34E936FB27906EB1003C5FD7;
					};
					34E9371E27906EB1003C5FD7 = {
						CreatedOnToolsVersion = 13.2.1;
						TestTargetID = 34E936FB27906EB1003C5FD7;
					};
				};
			};
			buildConfigurationList = 34E936F727906EB1003C5FD7 /* Build configuration list for PBXProject "iOSWeather" */;
			compatibilityVersion = "Xcode 13.0";
			developmentRegion = en;
			hasScannedForEncodings = 0;
			knownRegions = (
				en,
				Base,
			);
			mainGroup = 34E936F327906EB1003C5FD7;
			packageReferences = (
				340A400127908FC700A616FC /* XCRemoteSwiftPackageReference "SnapKit" */,
			);
			productRefGroup = 34E936FD27906EB1003C5FD7 /* Products */;
			projectDirPath = "";
			projectRoot = "";
			targets = (
				34E936FB27906EB1003C5FD7 /* iOSWeather */,
				34E9371427906EB1003C5FD7 /* iOSWeatherTests */,
				34E9371E27906EB1003C5FD7 /* iOSWeatherUITests */,
			);
		};
/* End PBXProject section */

/* Begin PBXResourcesBuildPhase section */
		34E936FA27906EB1003C5FD7 /* Resources */ = {
			isa = PBXResourcesBuildPhase;
			buildActionMask = 2147483647;
			files = (
				34E9370F27906EB1003C5FD7 /* LaunchScreen.storyboard in Resources */,
				34E9370C27906EB1003C5FD7 /* Assets.xcassets in Resources */,
			);
			runOnlyForDeploymentPostprocessing = 0;
		};
		34E9371327906EB1003C5FD7 /* Resources */ = {
			isa = PBXResourcesBuildPhase;
			buildActionMask = 2147483647;
			files = (
			);
			runOnlyForDeploymentPostprocessing = 0;
		};
		34E9371D27906EB1003C5FD7 /* Resources */ = {
			isa = PBXResourcesBuildPhase;
			buildActionMask = 2147483647;
			files = (
			);
			runOnlyForDeploymentPostprocessing = 0;
		};
/* End PBXResourcesBuildPhase section */

/* Begin PBXSourcesBuildPhase section */
		34E936F827906EB1003C5FD7 /* Sources */ = {
			isa = PBXSourcesBuildPhase;
			buildActionMask = 2147483647;
			files = (
				348DC87B27907DA5000EDCFE /* Screen.swift in Sources */,
				348DC84827907D24000EDCFE /* Double+StringTemp.swift in Sources */,
				348DC84527907D24000EDCFE /* DetailCell.swift in Sources */,
				348DC88A27907DEE000EDCFE /* UIFont+WeatherFonts.swift in Sources */,
				348DC88E27907DEE000EDCFE /* LinkCell.swift in Sources */,
				348DC83727907CD6000EDCFE /* TransparentCell.swift in Sources */,
				348DC89A27907E19000EDCFE /* HomeViewController.swift in Sources */,
				348DC84427907D24000EDCFE /* Date+StringValue.swift in Sources */,
				348DC87927907DA5000EDCFE /* SectionWithItemsViewModel.swift in Sources */,
				348DC83B27907D1A000EDCFE /* DailyCell.swift in Sources */,
				34170FE0279450F800AFD7A8 /* String+emptyString.swift in Sources */,
				3428E95E2792D993001DA34F /* CollectionViewModel.swift in Sources */,
				34E9370027906EB1003C5FD7 /* AppDelegate.swift in Sources */,
				349B17942791DB1600FF46BB /* NetworkRequest.swift in Sources */,
				348DC84727907D24000EDCFE /* HourlyCell.swift in Sources */,
				348DC84627907D24000EDCFE /* HTTPURLResponse+statusOK.swift in Sources */,
				348DC84927907D24000EDCFE /* Int+windDirectionFromDegree.swift in Sources */,
				348DC88827907DEE000EDCFE /* UICollectionView+Register.swift in Sources */,
				348DC89027907DEE000EDCFE /* UIColor+WeatherColors.swift in Sources */,
				3412E1BE2792CE48000FE043 /* ViewModelBuilder.swift in Sources */,
				348DC83927907D0F000EDCFE /* CurrentHeader.swift in Sources */,
				349B17962791DBCD00FF46BB /* Networking.swift in Sources */,
				34BEF456279189B9001C765D /* HomeWorker.swift in Sources */,
				348DC88727907DEE000EDCFE /* TodayCell.swift in Sources */,
				348DC88927907DEE000EDCFE /* UILabel+ConvenienceInit.swift in Sources */,
				34BEF455279189B9001C765D /* HomePresenter.swift in Sources */,
				34BEF458279189B9001C765D /* HomeModels.swift in Sources */,
				348DC89927907E19000EDCFE /* WeatherFlowLayout.swift in Sources */,
				348DC89827907E19000EDCFE /* WeatherView.swift in Sources */,
				34E9370227906EB1003C5FD7 /* SceneDelegate.swift in Sources */,
				34BEF457279189B9001C765D /* HomeRouter.swift in Sources */,
				348DC88B27907DEE000EDCFE /* ViewRepresentable.swift in Sources */,
				348DC85327907D70000EDCFE /* API.swift in Sources */,
				349B17982791DC0000FF46BB /* ApiService.swift in Sources */,
				34BEF45A279189B9001C765D /* HomeInteractor.swift in Sources */,
				348DC84327907D24000EDCFE /* HourlyFooter.swift in Sources */,
				348DC88D27907DEE000EDCFE /* UIView+Extension.swift in Sources */,
			);
			runOnlyForDeploymentPostprocessing = 0;
		};
		34E9371127906EB1003C5FD7 /* Sources */ = {
			isa = PBXSourcesBuildPhase;
			buildActionMask = 2147483647;
			files = (
				34E9371A27906EB1003C5FD7 /* iOSWeatherTests.swift in Sources */,
			);
			runOnlyForDeploymentPostprocessing = 0;
		};
		34E9371B27906EB1003C5FD7 /* Sources */ = {
			isa = PBXSourcesBuildPhase;
			buildActionMask = 2147483647;
			files = (
				34E9372427906EB1003C5FD7 /* iOSWeatherUITests.swift in Sources */,
				34E9372627906EB1003C5FD7 /* iOSWeatherUITestsLaunchTests.swift in Sources */,
			);
			runOnlyForDeploymentPostprocessing = 0;
		};
/* End PBXSourcesBuildPhase section */

/* Begin PBXTargetDependency section */
		34E9371727906EB1003C5FD7 /* PBXTargetDependency */ = {
			isa = PBXTargetDependency;
			target = 34E936FB27906EB1003C5FD7 /* iOSWeather */;
			targetProxy = 34E9371627906EB1003C5FD7 /* PBXContainerItemProxy */;
		};
		34E9372127906EB1003C5FD7 /* PBXTargetDependency */ = {
			isa = PBXTargetDependency;
			target = 34E936FB27906EB1003C5FD7 /* iOSWeather */;
			targetProxy = 34E9372027906EB1003C5FD7 /* PBXContainerItemProxy */;
		};
/* End PBXTargetDependency section */

/* Begin PBXVariantGroup section */
		34E9370D27906EB1003C5FD7 /* LaunchScreen.storyboard */ = {
			isa = PBXVariantGroup;
			children = (
				34E9370E27906EB1003C5FD7 /* Base */,
			);
			name = LaunchScreen.storyboard;
			sourceTree = "<group>";
		};
/* End PBXVariantGroup section */

/* Begin XCBuildConfiguration section */
		34E9372727906EB1003C5FD7 /* Debug */ = {
			isa = XCBuildConfiguration;
			buildSettings = {
				ALWAYS_SEARCH_USER_PATHS = NO;
				CLANG_ANALYZER_NONNULL = YES;
				CLANG_ANALYZER_NUMBER_OBJECT_CONVERSION = YES_AGGRESSIVE;
				CLANG_CXX_LANGUAGE_STANDARD = "gnu++17";
				CLANG_CXX_LIBRARY = "libc++";
				CLANG_ENABLE_MODULES = YES;
				CLANG_ENABLE_OBJC_ARC = YES;
				CLANG_ENABLE_OBJC_WEAK = YES;
				CLANG_WARN_BLOCK_CAPTURE_AUTORELEASING = YES;
				CLANG_WARN_BOOL_CONVERSION = YES;
				CLANG_WARN_COMMA = YES;
				CLANG_WARN_CONSTANT_CONVERSION = YES;
				CLANG_WARN_DEPRECATED_OBJC_IMPLEMENTATIONS = YES;
				CLANG_WARN_DIRECT_OBJC_ISA_USAGE = YES_ERROR;
				CLANG_WARN_DOCUMENTATION_COMMENTS = YES;
				CLANG_WARN_EMPTY_BODY = YES;
				CLANG_WARN_ENUM_CONVERSION = YES;
				CLANG_WARN_INFINITE_RECURSION = YES;
				CLANG_WARN_INT_CONVERSION = YES;
				CLANG_WARN_NON_LITERAL_NULL_CONVERSION = YES;
				CLANG_WARN_OBJC_IMPLICIT_RETAIN_SELF = YES;
				CLANG_WARN_OBJC_LITERAL_CONVERSION = YES;
				CLANG_WARN_OBJC_ROOT_CLASS = YES_ERROR;
				CLANG_WARN_QUOTED_INCLUDE_IN_FRAMEWORK_HEADER = YES;
				CLANG_WARN_RANGE_LOOP_ANALYSIS = YES;
				CLANG_WARN_STRICT_PROTOTYPES = YES;
				CLANG_WARN_SUSPICIOUS_MOVE = YES;
				CLANG_WARN_UNGUARDED_AVAILABILITY = YES_AGGRESSIVE;
				CLANG_WARN_UNREACHABLE_CODE = YES;
				CLANG_WARN__DUPLICATE_METHOD_MATCH = YES;
				COPY_PHASE_STRIP = NO;
				DEBUG_INFORMATION_FORMAT = dwarf;
				ENABLE_STRICT_OBJC_MSGSEND = YES;
				ENABLE_TESTABILITY = YES;
				GCC_C_LANGUAGE_STANDARD = gnu11;
				GCC_DYNAMIC_NO_PIC = NO;
				GCC_NO_COMMON_BLOCKS = YES;
				GCC_OPTIMIZATION_LEVEL = 0;
				GCC_PREPROCESSOR_DEFINITIONS = (
					"DEBUG=1",
					"$(inherited)",
				);
				GCC_WARN_64_TO_32_BIT_CONVERSION = YES;
				GCC_WARN_ABOUT_RETURN_TYPE = YES_ERROR;
				GCC_WARN_UNDECLARED_SELECTOR = YES;
				GCC_WARN_UNINITIALIZED_AUTOS = YES_AGGRESSIVE;
				GCC_WARN_UNUSED_FUNCTION = YES;
				GCC_WARN_UNUSED_VARIABLE = YES;
				IPHONEOS_DEPLOYMENT_TARGET = 15.2;
				MTL_ENABLE_DEBUG_INFO = INCLUDE_SOURCE;
				MTL_FAST_MATH = YES;
				ONLY_ACTIVE_ARCH = YES;
				SDKROOT = iphoneos;
				SWIFT_ACTIVE_COMPILATION_CONDITIONS = DEBUG;
				SWIFT_OPTIMIZATION_LEVEL = "-Onone";
			};
			name = Debug;
		};
		34E9372827906EB1003C5FD7 /* Release */ = {
			isa = XCBuildConfiguration;
			buildSettings = {
				ALWAYS_SEARCH_USER_PATHS = NO;
				CLANG_ANALYZER_NONNULL = YES;
				CLANG_ANALYZER_NUMBER_OBJECT_CONVERSION = YES_AGGRESSIVE;
				CLANG_CXX_LANGUAGE_STANDARD = "gnu++17";
				CLANG_CXX_LIBRARY = "libc++";
				CLANG_ENABLE_MODULES = YES;
				CLANG_ENABLE_OBJC_ARC = YES;
				CLANG_ENABLE_OBJC_WEAK = YES;
				CLANG_WARN_BLOCK_CAPTURE_AUTORELEASING = YES;
				CLANG_WARN_BOOL_CONVERSION = YES;
				CLANG_WARN_COMMA = YES;
				CLANG_WARN_CONSTANT_CONVERSION = YES;
				CLANG_WARN_DEPRECATED_OBJC_IMPLEMENTATIONS = YES;
				CLANG_WARN_DIRECT_OBJC_ISA_USAGE = YES_ERROR;
				CLANG_WARN_DOCUMENTATION_COMMENTS = YES;
				CLANG_WARN_EMPTY_BODY = YES;
				CLANG_WARN_ENUM_CONVERSION = YES;
				CLANG_WARN_INFINITE_RECURSION = YES;
				CLANG_WARN_INT_CONVERSION = YES;
				CLANG_WARN_NON_LITERAL_NULL_CONVERSION = YES;
				CLANG_WARN_OBJC_IMPLICIT_RETAIN_SELF = YES;
				CLANG_WARN_OBJC_LITERAL_CONVERSION = YES;
				CLANG_WARN_OBJC_ROOT_CLASS = YES_ERROR;
				CLANG_WARN_QUOTED_INCLUDE_IN_FRAMEWORK_HEADER = YES;
				CLANG_WARN_RANGE_LOOP_ANALYSIS = YES;
				CLANG_WARN_STRICT_PROTOTYPES = YES;
				CLANG_WARN_SUSPICIOUS_MOVE = YES;
				CLANG_WARN_UNGUARDED_AVAILABILITY = YES_AGGRESSIVE;
				CLANG_WARN_UNREACHABLE_CODE = YES;
				CLANG_WARN__DUPLICATE_METHOD_MATCH = YES;
				COPY_PHASE_STRIP = NO;
				DEBUG_INFORMATION_FORMAT = "dwarf-with-dsym";
				ENABLE_NS_ASSERTIONS = NO;
				ENABLE_STRICT_OBJC_MSGSEND = YES;
				GCC_C_LANGUAGE_STANDARD = gnu11;
				GCC_NO_COMMON_BLOCKS = YES;
				GCC_WARN_64_TO_32_BIT_CONVERSION = YES;
				GCC_WARN_ABOUT_RETURN_TYPE = YES_ERROR;
				GCC_WARN_UNDECLARED_SELECTOR = YES;
				GCC_WARN_UNINITIALIZED_AUTOS = YES_AGGRESSIVE;
				GCC_WARN_UNUSED_FUNCTION = YES;
				GCC_WARN_UNUSED_VARIABLE = YES;
				IPHONEOS_DEPLOYMENT_TARGET = 15.2;
				MTL_ENABLE_DEBUG_INFO = NO;
				MTL_FAST_MATH = YES;
				SDKROOT = iphoneos;
				SWIFT_COMPILATION_MODE = wholemodule;
				SWIFT_OPTIMIZATION_LEVEL = "-O";
				VALIDATE_PRODUCT = YES;
			};
			name = Release;
		};
		34E9372A27906EB1003C5FD7 /* Debug */ = {
			isa = XCBuildConfiguration;
			buildSettings = {
				ASSETCATALOG_COMPILER_APPICON_NAME = AppIcon;
				ASSETCATALOG_COMPILER_GLOBAL_ACCENT_COLOR_NAME = AccentColor;
				ASSETCATALOG_COMPILER_INCLUDE_ALL_APPICON_ASSETS = NO;
				CODE_SIGN_STYLE = Automatic;
				CURRENT_PROJECT_VERSION = 1;
				DEVELOPMENT_TEAM = 3Z6LFXP9G2;
				GENERATE_INFOPLIST_FILE = YES;
				INFOPLIST_FILE = iOSWeather/Info.plist;
				INFOPLIST_KEY_NSLocationAlwaysAndWhenInUseUsageDescription = "The App needs your locatioin to provide weather data";
				INFOPLIST_KEY_NSLocationAlwaysUsageDescription = "The App needs your locatioin to provide weather data";
				INFOPLIST_KEY_NSLocationWhenInUseUsageDescription = "The App needs your locatioin to provide weather data";
				INFOPLIST_KEY_UIApplicationSupportsIndirectInputEvents = YES;
				INFOPLIST_KEY_UILaunchStoryboardName = LaunchScreen;
				INFOPLIST_KEY_UIRequiresFullScreen = YES;
				INFOPLIST_KEY_UISupportedInterfaceOrientations = "";
				INFOPLIST_KEY_UISupportedInterfaceOrientations_iPad = "UIInterfaceOrientationLandscapeLeft UIInterfaceOrientationLandscapeRight UIInterfaceOrientationPortrait";
				INFOPLIST_KEY_UISupportedInterfaceOrientations_iPhone = UIInterfaceOrientationPortrait;
				IPHONEOS_DEPLOYMENT_TARGET = 11.4;
				LD_RUNPATH_SEARCH_PATHS = (
					"$(inherited)",
					"@executable_path/Frameworks",
				);
				MARKETING_VERSION = 1.0;
				PRODUCT_BUNDLE_IDENTIFIER = com..iOSWeather;
				PRODUCT_NAME = "$(TARGET_NAME)";
				SWIFT_EMIT_LOC_STRINGS = YES;
				SWIFT_VERSION = 5.0;
				TARGETED_DEVICE_FAMILY = "1,2";
			};
			name = Debug;
		};
		34E9372B27906EB1003C5FD7 /* Release */ = {
			isa = XCBuildConfiguration;
			buildSettings = {
				ASSETCATALOG_COMPILER_APPICON_NAME = AppIcon;
				ASSETCATALOG_COMPILER_GLOBAL_ACCENT_COLOR_NAME = AccentColor;
				ASSETCATALOG_COMPILER_INCLUDE_ALL_APPICON_ASSETS = NO;
				CODE_SIGN_STYLE = Automatic;
				CURRENT_PROJECT_VERSION = 1;
				DEVELOPMENT_TEAM = 3Z6LFXP9G2;
				GENERATE_INFOPLIST_FILE = YES;
				INFOPLIST_FILE = iOSWeather/Info.plist;
				INFOPLIST_KEY_NSLocationAlwaysAndWhenInUseUsageDescription = "The App needs your locatioin to provide weather data";
				INFOPLIST_KEY_NSLocationAlwaysUsageDescription = "The App needs your locatioin to provide weather data";
				INFOPLIST_KEY_NSLocationWhenInUseUsageDescription = "The App needs your locatioin to provide weather data";
				INFOPLIST_KEY_UIApplicationSupportsIndirectInputEvents = YES;
				INFOPLIST_KEY_UILaunchStoryboardName = LaunchScreen;
				INFOPLIST_KEY_UIRequiresFullScreen = YES;
				INFOPLIST_KEY_UISupportedInterfaceOrientations = "";
				INFOPLIST_KEY_UISupportedInterfaceOrientations_iPad = "UIInterfaceOrientationLandscapeLeft UIInterfaceOrientationLandscapeRight UIInterfaceOrientationPortrait";
				INFOPLIST_KEY_UISupportedInterfaceOrientations_iPhone = UIInterfaceOrientationPortrait;
				IPHONEOS_DEPLOYMENT_TARGET = 11.4;
				LD_RUNPATH_SEARCH_PATHS = (
					"$(inherited)",
					"@executable_path/Frameworks",
				);
				MARKETING_VERSION = 1.0;
				PRODUCT_BUNDLE_IDENTIFIER = com..iOSWeather;
				PRODUCT_NAME = "$(TARGET_NAME)";
				SWIFT_EMIT_LOC_STRINGS = YES;
				SWIFT_VERSION = 5.0;
				TARGETED_DEVICE_FAMILY = "1,2";
			};
			name = Release;
		};
		34E9372D27906EB1003C5FD7 /* Debug */ = {
			isa = XCBuildConfiguration;
			buildSettings = {
				ALWAYS_EMBED_SWIFT_STANDARD_LIBRARIES = YES;
				BUNDLE_LOADER = "$(TEST_HOST)";
				CODE_SIGN_STYLE = Automatic;
				CURRENT_PROJECT_VERSION = 1;
				DEVELOPMENT_TEAM = 3Z6LFXP9G2;
				GENERATE_INFOPLIST_FILE = YES;
				IPHONEOS_DEPLOYMENT_TARGET = 15.2;
				MARKETING_VERSION = 1.0;
				PRODUCT_BUNDLE_IDENTIFIER = com..iOSWeatherTests;
				PRODUCT_NAME = "$(TARGET_NAME)";
				SWIFT_EMIT_LOC_STRINGS = NO;
				SWIFT_VERSION = 5.0;
				TARGETED_DEVICE_FAMILY = "1,2";
				TEST_HOST = "$(BUILT_PRODUCTS_DIR)/iOSWeather.app/iOSWeather";
			};
			name = Debug;
		};
		34E9372E27906EB1003C5FD7 /* Release */ = {
			isa = XCBuildConfiguration;
			buildSettings = {
				ALWAYS_EMBED_SWIFT_STANDARD_LIBRARIES = YES;
				BUNDLE_LOADER = "$(TEST_HOST)";
				CODE_SIGN_STYLE = Automatic;
				CURRENT_PROJECT_VERSION = 1;
				DEVELOPMENT_TEAM = 3Z6LFXP9G2;
				GENERATE_INFOPLIST_FILE = YES;
				IPHONEOS_DEPLOYMENT_TARGET = 15.2;
				MARKETING_VERSION = 1.0;
				PRODUCT_BUNDLE_IDENTIFIER = com..iOSWeatherTests;
				PRODUCT_NAME = "$(TARGET_NAME)";
				SWIFT_EMIT_LOC_STRINGS = NO;
				SWIFT_VERSION = 5.0;
				TARGETED_DEVICE_FAMILY = "1,2";
				TEST_HOST = "$(BUILT_PRODUCTS_DIR)/iOSWeather.app/iOSWeather";
			};
			name = Release;
		};
		34E9373027906EB1003C5FD7 /* Debug */ = {
			isa = XCBuildConfiguration;
			buildSettings = {
				ALWAYS_EMBED_SWIFT_STANDARD_LIBRARIES = YES;
				CODE_SIGN_STYLE = Automatic;
				CURRENT_PROJECT_VERSION = 1;
				DEVELOPMENT_TEAM = 3Z6LFXP9G2;
				GENERATE_INFOPLIST_FILE = YES;
				MARKETING_VERSION = 1.0;
				PRODUCT_BUNDLE_IDENTIFIER = com..iOSWeatherUITests;
				PRODUCT_NAME = "$(TARGET_NAME)";
				SWIFT_EMIT_LOC_STRINGS = NO;
				SWIFT_VERSION = 5.0;
				TARGETED_DEVICE_FAMILY = "1,2";
				TEST_TARGET_NAME = iOSWeather;
			};
			name = Debug;
		};
		34E9373127906EB1003C5FD7 /* Release */ = {
			isa = XCBuildConfiguration;
			buildSettings = {
				ALWAYS_EMBED_SWIFT_STANDARD_LIBRARIES = YES;
				CODE_SIGN_STYLE = Automatic;
				CURRENT_PROJECT_VERSION = 1;
				DEVELOPMENT_TEAM = 3Z6LFXP9G2;
				GENERATE_INFOPLIST_FILE = YES;
				MARKETING_VERSION = 1.0;
				PRODUCT_BUNDLE_IDENTIFIER = com..iOSWeatherUITests;
				PRODUCT_NAME = "$(TARGET_NAME)";
				SWIFT_EMIT_LOC_STRINGS = NO;
				SWIFT_VERSION = 5.0;
				TARGETED_DEVICE_FAMILY = "1,2";
				TEST_TARGET_NAME = iOSWeather;
			};
			name = Release;
		};
/* End XCBuildConfiguration section */

/* Begin XCConfigurationList section */
		34E936F727906EB1003C5FD7 /* Build configuration list for PBXProject "iOSWeather" */ = {
			isa = XCConfigurationList;
			buildConfigurations = (
				34E9372727906EB1003C5FD7 /* Debug */,
				34E9372827906EB1003C5FD7 /* Release */,
			);
			defaultConfigurationIsVisible = 0;
			defaultConfigurationName = Release;
		};
		34E9372927906EB1003C5FD7 /* Build configuration list for PBXNativeTarget "iOSWeather" */ = {
			isa = XCConfigurationList;
			buildConfigurations = (
				34E9372A27906EB1003C5FD7 /* Debug */,
				34E9372B27906EB1003C5FD7 /* Release */,
			);
			defaultConfigurationIsVisible = 0;
			defaultConfigurationName = Release;
		};
		34E9372C27906EB1003C5FD7 /* Build configuration list for PBXNativeTarget "iOSWeatherTests" */ = {
			isa = XCConfigurationList;
			buildConfigurations = (
				34E9372D27906EB1003C5FD7 /* Debug */,
				34E9372E27906EB1003C5FD7 /* Release */,
			);
			defaultConfigurationIsVisible = 0;
			defaultConfigurationName = Release;
		};
		34E9372F27906EB1003C5FD7 /* Build configuration list for PBXNativeTarget "iOSWeatherUITests" */ = {
			isa = XCConfigurationList;
			buildConfigurations = (
				34E9373027906EB1003C5FD7 /* Debug */,
				34E9373127906EB1003C5FD7 /* Release */,
			);
			defaultConfigurationIsVisible = 0;
			defaultConfigurationName = Release;
		};
/* End XCConfigurationList section */

/* Begin XCRemoteSwiftPackageReference section */
		340A400127908FC700A616FC /* XCRemoteSwiftPackageReference "SnapKit" */ = {
			isa = XCRemoteSwiftPackageReference;
			repositoryURL = "https://github.com/SnapKit/SnapKit.git";
			requirement = {
				kind = upToNextMajorVersion;
				minimumVersion = 5.0.1;
			};
		};
/* End XCRemoteSwiftPackageReference section */

/* Begin XCSwiftPackageProductDependency section */
		340A400227908FC700A616FC /* SnapKit */ = {
			isa = XCSwiftPackageProductDependency;
			package = 340A400127908FC700A616FC /* XCRemoteSwiftPackageReference "SnapKit" */;
			productName = SnapKit;
		};
/* End XCSwiftPackageProductDependency section */
	};
	rootObject = 34E936F427906EB1003C5FD7 /* Project object */;
}
