// !$*UTF8*$!
{
	archiveVersion = 1;
	classes = {
	};
	objectVersion = 55;
	objects = {

/* Begin PBXBuildFile section */
		34E9370027906EB1003C5FD7 /* AppDelegate.swift in Sources */ = {isa = PBXBuildFile; fileRef = 34E936FF27906EB1003C5FD7 /* AppDelegate.swift */; };
		34E9370227906EB1003C5FD7 /* SceneDelegate.swift in Sources */ = {isa = PBXBuildFile; fileRef = 34E9370127906EB1003C5FD7 /* SceneDelegate.swift */; };
		34E9370427906EB1003C5FD7 /* ViewController.swift in Sources */ = {isa = PBXBuildFile; fileRef = 34E9370327906EB1003C5FD7 /* ViewController.swift */; };
		34E9370A27906EB1003C5FD7 /* iOSWeather.xcdatamodeld in Sources */ = {isa = PBXBuildFile; fileRef = 34E9370827906EB1003C5FD7 /* iOSWeather.xcdatamodeld */; };
		34E9370C27906EB1003C5FD7 /* Assets.xcassets in Resources */ = {isa = PBXBuildFile; fileRef = 34E9370B27906EB1003C5FD7 /* Assets.xcassets */; };
		34E9370F27906EB1003C5FD7 /* LaunchScreen.storyboard in Resources */ = {isa = PBXBuildFile; fileRef = 34E9370D27906EB1003C5FD7 /* LaunchScreen.storyboard */; };
		34E9371A27906EB1003C5FD7 /* iOSWeatherTests.swift in Sources */ = {isa = PBXBuildFile; fileRef = 34E9371927906EB1003C5FD7 /* iOSWeatherTests.swift */; };
		34E9372427906EB1003C5FD7 /* iOSWeatherUITests.swift in Sources */ = {isa = PBXBuildFile; fileRef = 34E9372327906EB1003C5FD7 /* iOSWeatherUITests.swift */; };
		34E9372627906EB1003C5FD7 /* iOSWeatherUITestsLaunchTests.swift in Sources */ = {isa = PBXBuildFile; fileRef = 34E9372527906EB1003C5FD7 /* iOSWeatherUITestsLaunchTests.swift */; };
/* End PBXBuildFile section */

/* Begin PBXContainerItemProxy section */
		34E9371627906EB1003C5FD7 /* PBXContainerItemProxy */ = {
			isa = PBXContainerItemProxy;
			containerPortal = 34E936F427906EB1003C5FD7 /* Project object */;
			proxyType = 1;
			remoteGlobalIDString = 34E936FB27906EB1003C5FD7;
			remoteInfo = iOSWeather;
		};
		34E9372027906EB1003C5FD7 /* PBXContainerItemProxy */ = {
			isa = PBXContainerItemProxy;
			containerPortal = 34E936F427906EB1003C5FD7 /* Project object */;
			proxyType = 1;
			remoteGlobalIDString = 34E936FB27906EB1003C5FD7;
			remoteInfo = iOSWeather;
		};
/* End PBXContainerItemProxy section */

/* Begin PBXFileReference section */
		34E936FC27906EB1003C5FD7 /* iOSWeather.app */ = {isa = PBXFileReference; explicitFileType = wrapper.application; includeInIndex = 0; path = iOSWeather.app; sourceTree = BUILT_PRODUCTS_DIR; };
		34E936FF27906EB1003C5FD7 /* AppDelegate.swift */ = {isa = PBXFileReference; lastKnownFileType = sourcecode.swift; path = AppDelegate.swift; sourceTree = "<group>"; };
		34E9370127906EB1003C5FD7 /* SceneDelegate.swift */ = {isa = PBXFileReference; lastKnownFileType = sourcecode.swift; path = SceneDelegate.swift; sourceTree = "<group>"; };
		34E9370327906EB1003C5FD7 /* ViewController.swift */ = {isa = PBXFileReference; lastKnownFileType = sourcecode.swift; path = ViewController.swift; sourceTree = "<group>"; };
		34E9370927906EB1003C5FD7 /* iOSWeather.xcdatamodel */ = {isa = PBXFileReference; lastKnownFileType = wrapper.xcdatamodel; path = iOSWeather.xcdatamodel; sourceTree = "<group>"; };
		34E9370B27906EB1003C5FD7 /* Assets.xcassets */ = {isa = PBXFileReference; lastKnownFileType = folder.assetcatalog; path = Assets.xcassets; sourceTree = "<group>"; };
		34E9370E27906EB1003C5FD7 /* Base */ = {isa = PBXFileReference; lastKnownFileType = file.storyboard; name = Base; path = Base.lproj/LaunchScreen.storyboard; sourceTree = "<group>"; };
		34E9371027906EB1003C5FD7 /* Info.plist */ = {isa = PBXFileReference; lastKnownFileType = text.plist.xml; path = Info.plist; sourceTree = "<group>"; };
		34E9371527906EB1003C5FD7 /* iOSWeatherTests.xctest */ = {isa = PBXFileReference; explicitFileType = wrapper.cfbundle; includeInIndex = 0; path = iOSWeatherTests.xctest; sourceTree = BUILT_PRODUCTS_DIR; };
		34E9371927906EB1003C5FD7 /* iOSWeatherTests.swift */ = {isa = PBXFileReference; lastKnownFileType = sourcecode.swift; path = iOSWeatherTests.swift; sourceTree = "<group>"; };
		34E9371F27906EB1003C5FD7 /* iOSWeatherUITests.xctest */ = {isa = PBXFileReference; explicitFileType = wrapper.cfbundle; includeInIndex = 0; path = iOSWeatherUITests.xctest; sourceTree = BUILT_PRODUCTS_DIR; };
		34E9372327906EB1003C5FD7 /* iOSWeatherUITests.swift */ = {isa = PBXFileReference; lastKnownFileType = sourcecode.swift; path = iOSWeatherUITests.swift; sourceTree = "<group>"; };
		34E9372527906EB1003C5FD7 /* iOSWeatherUITestsLaunchTests.swift */ = {isa = PBXFileReference; lastKnownFileType = sourcecode.swift; path = iOSWeatherUITestsLaunchTests.swift; sourceTree = "<group>"; };
/* End PBXFileReference section */

/* Begin PBXFrameworksBuildPhase section */
		34E936F927906EB1003C5FD7 /* Frameworks */ = {
			isa = PBXFrameworksBuildPhase;
			buildActionMask = 2147483647;
			files = (
			);
			runOnlyForDeploymentPostprocessing = 0;
		};
		34E9371227906EB1003C5FD7 /* Frameworks */ = {
			isa = PBXFrameworksBuildPhase;
			buildActionMask = 2147483647;
			files = (
			);
			runOnlyForDeploymentPostprocessing = 0;
		};
		34E9371C27906EB1003C5FD7 /* Frameworks */ = {
			isa = PBXFrameworksBuildPhase;
			buildActionMask = 2147483647;
			files = (
			);
			runOnlyForDeploymentPostprocessing = 0;
		};
/* End PBXFrameworksBuildPhase section */

/* Begin PBXGroup section */
		34E936F327906EB1003C5FD7 = {
			isa = PBXGroup;
			children = (
				34E936FE27906EB1003C5FD7 /* iOSWeather */,
				34E9371827906EB1003C5FD7 /* iOSWeatherTests */,
				34E9372227906EB1003C5FD7 /* iOSWeatherUITests */,
				34E936FD27906EB1003C5FD7 /* Products */,
			);
			sourceTree = "<group>";
		};
		34E936FD27906EB1003C5FD7 /* Products */ = {
			isa = PBXGroup;
			children = (
				34E936FC27906EB1003C5FD7 /* iOSWeather.app */,
				34E9371527906EB1003C5FD7 /* iOSWeatherTests.xctest */,
				34E9371F27906EB1003C5FD7 /* iOSWeatherUITests.xctest */,
			);
			name = Products;
			sourceTree = "<group>";
		};
		34E936FE27906EB1003C5FD7 /* iOSWeather */ = {
			isa = PBXGroup;
			children = (
				34E936FF27906EB1003C5FD7 /* AppDelegate.swift */,
				34E9370127906EB1003C5FD7 /* SceneDelegate.swift */,
				34E9370327906EB1003C5FD7 /* ViewController.swift */,
				34E9370B27906EB1003C5FD7 /* Assets.xcassets */,
				34E9370D27906EB1003C5FD7 /* LaunchScreen.storyboard */,
				34E9371027906EB1003C5FD7 /* Info.plist */,
				34E9370827906EB1003C5FD7 /* iOSWeather.xcdatamodeld */,
			);
			path = iOSWeather;
			sourceTree = "<group>";
		};
		34E9371827906EB1003C5FD7 /* iOSWeatherTests */ = {
			isa = PBXGroup;
			children = (
				34E9371927906EB1003C5FD7 /* iOSWeatherTests.swift */,
			);
			path = iOSWeatherTests;
			sourceTree = "<group>";
		};
		34E9372227906EB1003C5FD7 /* iOSWeatherUITests */ = {
			isa = PBXGroup;
			children = (
				34E9372327906EB1003C5FD7 /* iOSWeatherUITests.swift */,
				34E9372527906EB1003C5FD7 /* iOSWeatherUITestsLaunchTests.swift */,
			);
			path = iOSWeatherUITests;
			sourceTree = "<group>";
		};
/* End PBXGroup section */

/* Begin PBXNativeTarget section */
		34E936FB27906EB1003C5FD7 /* iOSWeather */ = {
			isa = PBXNativeTarget;
			buildConfigurationList = 34E9372927906EB1003C5FD7 /* Build configuration list for PBXNativeTarget "iOSWeather" */;
			buildPhases = (
				34E936F827906EB1003C5FD7 /* Sources */,
				34E936F927906EB1003C5FD7 /* Frameworks */,
				34E936FA27906EB1003C5FD7 /* Resources */,
			);
			buildRules = (
			);
			dependencies = (
			);
			name = iOSWeather;
			productName = iOSWeather;
			productReference = 34E936FC27906EB1003C5FD7 /* iOSWeather.app */;
			productType = "com.apple.product-type.application";
		};
		34E9371427906EB1003C5FD7 /* iOSWeatherTests */ = {
			isa = PBXNativeTarget;
			buildConfigurationList = 34E9372C27906EB1003C5FD7 /* Build configuration list for PBXNativeTarget "iOSWeatherTests" */;
			buildPhases = (
				34E9371127906EB1003C5FD7 /* Sources */,
				34E9371227906EB1003C5FD7 /* Frameworks */,
				34E9371327906EB1003C5FD7 /* Resources */,
			);
			buildRules = (
			);
			dependencies = (
				34E9371727906EB1003C5FD7 /* PBXTargetDependency */,
			);
			name = iOSWeatherTests;
			productName = iOSWeatherTests;
			productReference = 34E9371527906EB1003C5FD7 /* iOSWeatherTests.xctest */;
			productType = "com.apple.product-type.bundle.unit-test";
		};
		34E9371E27906EB1003C5FD7 /* iOSWeatherUITests */ = {
			isa = PBXNativeTarget;
			buildConfigurationList = 34E9372F27906EB1003C5FD7 /* Build configuration list for PBXNativeTarget "iOSWeatherUITests" */;
			buildPhases = (
				34E9371B27906EB1003C5FD7 /* Sources */,
				34E9371C27906EB1003C5FD7 /* Frameworks */,
				34E9371D27906EB1003C5FD7 /* Resources */,
			);
			buildRules = (
			);
			dependencies = (
				34E9372127906EB1003C5FD7 /* PBXTargetDependency */,
			);
			name = iOSWeatherUITests;
			productName = iOSWeatherUITests;
			productReference = 34E9371F27906EB1003C5FD7 /* iOSWeatherUITests.xctest */;
			productType = "com.apple.product-type.bundle.ui-testing";
		};
/* End PBXNativeTarget section */

/* Begin PBXProject section */
		34E936F427906EB1003C5FD7 /* Project object */ = {
			isa = PBXProject;
			attributes = {
				BuildIndependentTargetsInParallel = 1;
				LastSwiftUpdateCheck = 1320;
				LastUpgradeCheck = 1320;
				TargetAttributes = {
					34E936FB27906EB1003C5FD7 = {
						CreatedOnToolsVersion = 13.2.1;
					};
					34E9371427906EB1003C5FD7 = {
						CreatedOnToolsVersion = 13.2.1;
						TestTargetID = 34E936FB27906EB1003C5FD7;
					};
					34E9371E27906EB1003C5FD7 = {
						CreatedOnToolsVersion = 13.2.1;
						TestTargetID = 34E936FB27906EB1003C5FD7;
					};
				};
			};
			buildConfigurationList = 34E936F727906EB1003C5FD7 /* Build configuration list for PBXProject "iOSWeather" */;
			compatibilityVersion = "Xcode 13.0";
			developmentRegion = en;
			hasScannedForEncodings = 0;
			knownRegions = (
				en,
				Base,
			);
			mainGroup = 34E936F327906EB1003C5FD7;
			productRefGroup = 34E936FD27906EB1003C5FD7 /* Products */;
			projectDirPath = "";
			projectRoot = "";
			targets = (
				34E936FB27906EB1003C5FD7 /* iOSWeather */,
				34E9371427906EB1003C5FD7 /* iOSWeatherTests */,
				34E9371E27906EB1003C5FD7 /* iOSWeatherUITests */,
			);
		};
/* End PBXProject section */

/* Begin PBXResourcesBuildPhase section */
		34E936FA27906EB1003C5FD7 /* Resources */ = {
			isa = PBXResourcesBuildPhase;
			buildActionMask = 2147483647;
			files = (
				34E9370F27906EB1003C5FD7 /* LaunchScreen.storyboard in Resources */,
				34E9370C27906EB1003C5FD7 /* Assets.xcassets in Resources */,
			);
			runOnlyForDeploymentPostprocessing = 0;
		};
		34E9371327906EB1003C5FD7 /* Resources */ = {
			isa = PBXResourcesBuildPhase;
			buildActionMask = 2147483647;
			files = (
			);
			runOnlyForDeploymentPostprocessing = 0;
		};
		34E9371D27906EB1003C5FD7 /* Resources */ = {
			isa = PBXResourcesBuildPhase;
			buildActionMask = 2147483647;
			files = (
			);
			runOnlyForDeploymentPostprocessing = 0;
		};
/* End PBXResourcesBuildPhase section */

/* Begin PBXSourcesBuildPhase section */
		34E936F827906EB1003C5FD7 /* Sources */ = {
			isa = PBXSourcesBuildPhase;
			buildActionMask = 2147483647;
			files = (
				34E9370427906EB1003C5FD7 /* ViewController.swift in Sources */,
				34E9370027906EB1003C5FD7 /* AppDelegate.swift in Sources */,
				34E9370A27906EB1003C5FD7 /* iOSWeather.xcdatamodeld in Sources */,
				34E9370227906EB1003C5FD7 /* SceneDelegate.swift in Sources */,
			);
			runOnlyForDeploymentPostprocessing = 0;
		};
		34E9371127906EB1003C5FD7 /* Sources */ = {
			isa = PBXSourcesBuildPhase;
			buildActionMask = 2147483647;
			files = (
				34E9371A27906EB1003C5FD7 /* iOSWeatherTests.swift in Sources */,
			);
			runOnlyForDeploymentPostprocessing = 0;
		};
		34E9371B27906EB1003C5FD7 /* Sources */ = {
			isa = PBXSourcesBuildPhase;
			buildActionMask = 2147483647;
			files = (
				34E9372427906EB1003C5FD7 /* iOSWeatherUITests.swift in Sources */,
				34E9372627906EB1003C5FD7 /* iOSWeatherUITestsLaunchTests.swift in Sources */,
			);
			runOnlyForDeploymentPostprocessing = 0;
		};
/* End PBXSourcesBuildPhase section */

/* Begin PBXTargetDependency section */
		34E9371727906EB1003C5FD7 /* PBXTargetDependency */ = {
			isa = PBXTargetDependency;
			target = 34E936FB27906EB1003C5FD7 /* iOSWeather */;
			targetProxy = 34E9371627906EB1003C5FD7 /* PBXContainerItemProxy */;
		};
		34E9372127906EB1003C5FD7 /* PBXTargetDependency */ = {
			isa = PBXTargetDependency;
			target = 34E936FB27906EB1003C5FD7 /* iOSWeather */;
			targetProxy = 34E9372027906EB1003C5FD7 /* PBXContainerItemProxy */;
		};
/* End PBXTargetDependency section */

/* Begin PBXVariantGroup section */
		34E9370D27906EB1003C5FD7 /* LaunchScreen.storyboard */ = {
			isa = PBXVariantGroup;
			children = (
				34E9370E27906EB1003C5FD7 /* Base */,
			);
			name = LaunchScreen.storyboard;
			sourceTree = "<group>";
		};
/* End PBXVariantGroup section */

/* Begin XCBuildConfiguration section */
		34E9372727906EB1003C5FD7 /* Debug */ = {
			isa = XCBuildConfiguration;
			buildSettings = {
				ALWAYS_SEARCH_USER_PATHS = NO;
				CLANG_ANALYZER_NONNULL = YES;
				CLANG_ANALYZER_NUMBER_OBJECT_CONVERSION = YES_AGGRESSIVE;
				CLANG_CXX_LANGUAGE_STANDARD = "gnu++17";
				CLANG_CXX_LIBRARY = "libc++";
				CLANG_ENABLE_MODULES = YES;
				CLANG_ENABLE_OBJC_ARC = YES;
				CLANG_ENABLE_OBJC_WEAK = YES;
				CLANG_WARN_BLOCK_CAPTURE_AUTORELEASING = YES;
				CLANG_WARN_BOOL_CONVERSION = YES;
				CLANG_WARN_COMMA = YES;
				CLANG_WARN_CONSTANT_CONVERSION = YES;
				CLANG_WARN_DEPRECATED_OBJC_IMPLEMENTATIONS = YES;
				CLANG_WARN_DIRECT_OBJC_ISA_USAGE = YES_ERROR;
				CLANG_WARN_DOCUMENTATION_COMMENTS = YES;
				CLANG_WARN_EMPTY_BODY = YES;
				CLANG_WARN_ENUM_CONVERSION = YES;
				CLANG_WARN_INFINITE_RECURSION = YES;
				CLANG_WARN_INT_CONVERSION = YES;
				CLANG_WARN_NON_LITERAL_NULL_CONVERSION = YES;
				CLANG_WARN_OBJC_IMPLICIT_RETAIN_SELF = YES;
				CLANG_WARN_OBJC_LITERAL_CONVERSION = YES;
				CLANG_WARN_OBJC_ROOT_CLASS = YES_ERROR;
				CLANG_WARN_QUOTED_INCLUDE_IN_FRAMEWORK_HEADER = YES;
				CLANG_WARN_RANGE_LOOP_ANALYSIS = YES;
				CLANG_WARN_STRICT_PROTOTYPES = YES;
				CLANG_WARN_SUSPICIOUS_MOVE = YES;
				CLANG_WARN_UNGUARDED_AVAILABILITY = YES_AGGRESSIVE;
				CLANG_WARN_UNREACHABLE_CODE = YES;
				CLANG_WARN__DUPLICATE_METHOD_MATCH = YES;
				COPY_PHASE_STRIP = NO;
				DEBUG_INFORMATION_FORMAT = dwarf;
				ENABLE_STRICT_OBJC_MSGSEND = YES;
				ENABLE_TESTABILITY = YES;
				GCC_C_LANGUAGE_STANDARD = gnu11;
				GCC_DYNAMIC_NO_PIC = NO;
				GCC_NO_COMMON_BLOCKS = YES;
				GCC_OPTIMIZATION_LEVEL = 0;
				GCC_PREPROCESSOR_DEFINITIONS = (
					"DEBUG=1",
					"$(inherited)",
				);
				GCC_WARN_64_TO_32_BIT_CONVERSION = YES;
				GCC_WARN_ABOUT_RETURN_TYPE = YES_ERROR;
				GCC_WARN_UNDECLARED_SELECTOR = YES;
				GCC_WARN_UNINITIALIZED_AUTOS = YES_AGGRESSIVE;
				GCC_WARN_UNUSED_FUNCTION = YES;
				GCC_WARN_UNUSED_VARIABLE = YES;
				IPHONEOS_DEPLOYMENT_TARGET = 15.2;
				MTL_ENABLE_DEBUG_INFO = INCLUDE_SOURCE;
				MTL_FAST_MATH = YES;
				ONLY_ACTIVE_ARCH = YES;
				SDKROOT = iphoneos;
				SWIFT_ACTIVE_COMPILATION_CONDITIONS = DEBUG;
				SWIFT_OPTIMIZATION_LEVEL = "-Onone";
			};
			name = Debug;
		};
		34E9372827906EB1003C5FD7 /* Release */ = {
			isa = XCBuildConfiguration;
			buildSettings = {
				ALWAYS_SEARCH_USER_PATHS = NO;
				CLANG_ANALYZER_NONNULL = YES;
				CLANG_ANALYZER_NUMBER_OBJECT_CONVERSION = YES_AGGRESSIVE;
				CLANG_CXX_LANGUAGE_STANDARD = "gnu++17";
				CLANG_CXX_LIBRARY = "libc++";
				CLANG_ENABLE_MODULES = YES;
				CLANG_ENABLE_OBJC_ARC = YES;
				CLANG_ENABLE_OBJC_WEAK = YES;
				CLANG_WARN_BLOCK_CAPTURE_AUTORELEASING = YES;
				CLANG_WARN_BOOL_CONVERSION = YES;
				CLANG_WARN_COMMA = YES;
				CLANG_WARN_CONSTANT_CONVERSION = YES;
				CLANG_WARN_DEPRECATED_OBJC_IMPLEMENTATIONS = YES;
				CLANG_WARN_DIRECT_OBJC_ISA_USAGE = YES_ERROR;
				CLANG_WARN_DOCUMENTATION_COMMENTS = YES;
				CLANG_WARN_EMPTY_BODY = YES;
				CLANG_WARN_ENUM_CONVERSION = YES;
				CLANG_WARN_INFINITE_RECURSION = YES;
				CLANG_WARN_INT_CONVERSION = YES;
				CLANG_WARN_NON_LITERAL_NULL_CONVERSION = YES;
				CLANG_WARN_OBJC_IMPLICIT_RETAIN_SELF = YES;
				CLANG_WARN_OBJC_LITERAL_CONVERSION = YES;
				CLANG_WARN_OBJC_ROOT_CLASS = YES_ERROR;
				CLANG_WARN_QUOTED_INCLUDE_IN_FRAMEWORK_HEADER = YES;
				CLANG_WARN_RANGE_LOOP_ANALYSIS = YES;
				CLANG_WARN_STRICT_PROTOTYPES = YES;
				CLANG_WARN_SUSPICIOUS_MOVE = YES;
				CLANG_WARN_UNGUARDED_AVAILABILITY = YES_AGGRESSIVE;
				CLANG_WARN_UNREACHABLE_CODE = YES;
				CLANG_WARN__DUPLICATE_METHOD_MATCH = YES;
				COPY_PHASE_STRIP = NO;
				DEBUG_INFORMATION_FORMAT = "dwarf-with-dsym";
				ENABLE_NS_ASSERTIONS = NO;
				ENABLE_STRICT_OBJC_MSGSEND = YES;
				GCC_C_LANGUAGE_STANDARD = gnu11;
				GCC_NO_COMMON_BLOCKS = YES;
				GCC_WARN_64_TO_32_BIT_CONVERSION = YES;
				GCC_WARN_ABOUT_RETURN_TYPE = YES_ERROR;
				GCC_WARN_UNDECLARED_SELECTOR = YES;
				GCC_WARN_UNINITIALIZED_AUTOS = YES_AGGRESSIVE;
				GCC_WARN_UNUSED_FUNCTION = YES;
				GCC_WARN_UNUSED_VARIABLE = YES;
				IPHONEOS_DEPLOYMENT_TARGET = 15.2;
				MTL_ENABLE_DEBUG_INFO = NO;
				MTL_FAST_MATH = YES;
				SDKROOT = iphoneos;
				SWIFT_COMPILATION_MODE = wholemodule;
				SWIFT_OPTIMIZATION_LEVEL = "-O";
				VALIDATE_PRODUCT = YES;
			};
			name = Release;
		};
		34E9372A27906EB1003C5FD7 /* Debug */ = {
			isa = XCBuildConfiguration;
			buildSettings = {
				ASSETCATALOG_COMPILER_APPICON_NAME = AppIcon;
				ASSETCATALOG_COMPILER_GLOBAL_ACCENT_COLOR_NAME = AccentColor;
				CODE_SIGN_STYLE = Automatic;
				CURRENT_PROJECT_VERSION = 1;
				DEVELOPMENT_TEAM = 3Z6LFXP9G2;
				GENERATE_INFOPLIST_FILE = YES;
				INFOPLIST_FILE = iOSWeather/Info.plist;
				INFOPLIST_KEY_UIApplicationSupportsIndirectInputEvents = YES;
				INFOPLIST_KEY_UILaunchStoryboardName = LaunchScreen;
				INFOPLIST_KEY_UISupportedInterfaceOrientations_iPad = "UIInterfaceOrientationPortrait UIInterfaceOrientationPortraitUpsideDown UIInterfaceOrientationLandscapeLeft UIInterfaceOrientationLandscapeRight";
				INFOPLIST_KEY_UISupportedInterfaceOrientations_iPhone = "UIInterfaceOrientationPortrait UIInterfaceOrientationLandscapeLeft UIInterfaceOrientationLandscapeRight";
				IPHONEOS_DEPLOYMENT_TARGET = 11.4;
				LD_RUNPATH_SEARCH_PATHS = (
					"$(inherited)",
					"@executable_path/Frameworks",
				);
				MARKETING_VERSION = 1.0;
				PRODUCT_BUNDLE_IDENTIFIER = com..iOSWeather;
				PRODUCT_NAME = "$(TARGET_NAME)";
				SWIFT_EMIT_LOC_STRINGS = YES;
				SWIFT_VERSION = 5.0;
				TARGETED_DEVICE_FAMILY = "1,2";
			};
			name = Debug;
		};
		34E9372B27906EB1003C5FD7 /* Release */ = {
			isa = XCBuildConfiguration;
			buildSettings = {
				ASSETCATALOG_COMPILER_APPICON_NAME = AppIcon;
				ASSETCATALOG_COMPILER_GLOBAL_ACCENT_COLOR_NAME = AccentColor;
				CODE_SIGN_STYLE = Automatic;
				CURRENT_PROJECT_VERSION = 1;
				DEVELOPMENT_TEAM = 3Z6LFXP9G2;
				GENERATE_INFOPLIST_FILE = YES;
				INFOPLIST_FILE = iOSWeather/Info.plist;
				INFOPLIST_KEY_UIApplicationSupportsIndirectInputEvents = YES;
				INFOPLIST_KEY_UILaunchStoryboardName = LaunchScreen;
				INFOPLIST_KEY_UISupportedInterfaceOrientations_iPad = "UIInterfaceOrientationPortrait UIInterfaceOrientationPortraitUpsideDown UIInterfaceOrientationLandscapeLeft UIInterfaceOrientationLandscapeRight";
				INFOPLIST_KEY_UISupportedInterfaceOrientations_iPhone = "UIInterfaceOrientationPortrait UIInterfaceOrientationLandscapeLeft UIInterfaceOrientationLandscapeRight";
				IPHONEOS_DEPLOYMENT_TARGET = 11.4;
				LD_RUNPATH_SEARCH_PATHS = (
					"$(inherited)",
					"@executable_path/Frameworks",
				);
				MARKETING_VERSION = 1.0;
				PRODUCT_BUNDLE_IDENTIFIER = com..iOSWeather;
				PRODUCT_NAME = "$(TARGET_NAME)";
				SWIFT_EMIT_LOC_STRINGS = YES;
				SWIFT_VERSION = 5.0;
				TARGETED_DEVICE_FAMILY = "1,2";
			};
			name = Release;
		};
		34E9372D27906EB1003C5FD7 /* Debug */ = {
			isa = XCBuildConfiguration;
			buildSettings = {
				ALWAYS_EMBED_SWIFT_STANDARD_LIBRARIES = YES;
				BUNDLE_LOADER = "$(TEST_HOST)";
				CODE_SIGN_STYLE = Automatic;
				CURRENT_PROJECT_VERSION = 1;
				DEVELOPMENT_TEAM = 3Z6LFXP9G2;
				GENERATE_INFOPLIST_FILE = YES;
				IPHONEOS_DEPLOYMENT_TARGET = 15.2;
				MARKETING_VERSION = 1.0;
				PRODUCT_BUNDLE_IDENTIFIER = com..iOSWeatherTests;
				PRODUCT_NAME = "$(TARGET_NAME)";
				SWIFT_EMIT_LOC_STRINGS = NO;
				SWIFT_VERSION = 5.0;
				TARGETED_DEVICE_FAMILY = "1,2";
				TEST_HOST = "$(BUILT_PRODUCTS_DIR)/iOSWeather.app/iOSWeather";
			};
			name = Debug;
		};
		34E9372E27906EB1003C5FD7 /* Release */ = {
			isa = XCBuildConfiguration;
			buildSettings = {
				ALWAYS_EMBED_SWIFT_STANDARD_LIBRARIES = YES;
				BUNDLE_LOADER = "$(TEST_HOST)";
				CODE_SIGN_STYLE = Automatic;
				CURRENT_PROJECT_VERSION = 1;
				DEVELOPMENT_TEAM = 3Z6LFXP9G2;
				GENERATE_INFOPLIST_FILE = YES;
				IPHONEOS_DEPLOYMENT_TARGET = 15.2;
				MARKETING_VERSION = 1.0;
				PRODUCT_BUNDLE_IDENTIFIER = com..iOSWeatherTests;
				PRODUCT_NAME = "$(TARGET_NAME)";
				SWIFT_EMIT_LOC_STRINGS = NO;
				SWIFT_VERSION = 5.0;
				TARGETED_DEVICE_FAMILY = "1,2";
				TEST_HOST = "$(BUILT_PRODUCTS_DIR)/iOSWeather.app/iOSWeather";
			};
			name = Release;
		};
		34E9373027906EB1003C5FD7 /* Debug */ = {
			isa = XCBuildConfiguration;
			buildSettings = {
				ALWAYS_EMBED_SWIFT_STANDARD_LIBRARIES = YES;
				CODE_SIGN_STYLE = Automatic;
				CURRENT_PROJECT_VERSION = 1;
				DEVELOPMENT_TEAM = 3Z6LFXP9G2;
				GENERATE_INFOPLIST_FILE = YES;
				MARKETING_VERSION = 1.0;
				PRODUCT_BUNDLE_IDENTIFIER = com..iOSWeatherUITests;
				PRODUCT_NAME = "$(TARGET_NAME)";
				SWIFT_EMIT_LOC_STRINGS = NO;
				SWIFT_VERSION = 5.0;
				TARGETED_DEVICE_FAMILY = "1,2";
				TEST_TARGET_NAME = iOSWeather;
			};
			name = Debug;
		};
		34E9373127906EB1003C5FD7 /* Release */ = {
			isa = XCBuildConfiguration;
			buildSettings = {
				ALWAYS_EMBED_SWIFT_STANDARD_LIBRARIES = YES;
				CODE_SIGN_STYLE = Automatic;
				CURRENT_PROJECT_VERSION = 1;
				DEVELOPMENT_TEAM = 3Z6LFXP9G2;
				GENERATE_INFOPLIST_FILE = YES;
				MARKETING_VERSION = 1.0;
				PRODUCT_BUNDLE_IDENTIFIER = com..iOSWeatherUITests;
				PRODUCT_NAME = "$(TARGET_NAME)";
				SWIFT_EMIT_LOC_STRINGS = NO;
				SWIFT_VERSION = 5.0;
				TARGETED_DEVICE_FAMILY = "1,2";
				TEST_TARGET_NAME = iOSWeather;
			};
			name = Release;
		};
/* End XCBuildConfiguration section */

/* Begin XCConfigurationList section */
		34E936F727906EB1003C5FD7 /* Build configuration list for PBXProject "iOSWeather" */ = {
			isa = XCConfigurationList;
			buildConfigurations = (
				34E9372727906EB1003C5FD7 /* Debug */,
				34E9372827906EB1003C5FD7 /* Release */,
			);
			defaultConfigurationIsVisible = 0;
			defaultConfigurationName = Release;
		};
		34E9372927906EB1003C5FD7 /* Build configuration list for PBXNativeTarget "iOSWeather" */ = {
			isa = XCConfigurationList;
			buildConfigurations = (
				34E9372A27906EB1003C5FD7 /* Debug */,
				34E9372B27906EB1003C5FD7 /* Release */,
			);
			defaultConfigurationIsVisible = 0;
			defaultConfigurationName = Release;
		};
		34E9372C27906EB1003C5FD7 /* Build configuration list for PBXNativeTarget "iOSWeatherTests" */ = {
			isa = XCConfigurationList;
			buildConfigurations = (
				34E9372D27906EB1003C5FD7 /* Debug */,
				34E9372E27906EB1003C5FD7 /* Release */,
			);
			defaultConfigurationIsVisible = 0;
			defaultConfigurationName = Release;
		};
		34E9372F27906EB1003C5FD7 /* Build configuration list for PBXNativeTarget "iOSWeatherUITests" */ = {
			isa = XCConfigurationList;
			buildConfigurations = (
				34E9373027906EB1003C5FD7 /* Debug */,
				34E9373127906EB1003C5FD7 /* Release */,
			);
			defaultConfigurationIsVisible = 0;
			defaultConfigurationName = Release;
		};
/* End XCConfigurationList section */

/* Begin XCVersionGroup section */
		34E9370827906EB1003C5FD7 /* iOSWeather.xcdatamodeld */ = {
			isa = XCVersionGroup;
			children = (
				34E9370927906EB1003C5FD7 /* iOSWeather.xcdatamodel */,
			);
			currentVersion = 34E9370927906EB1003C5FD7 /* iOSWeather.xcdatamodel */;
			path = iOSWeather.xcdatamodeld;
			sourceTree = "<group>";
			versionGroupType = wrapper.xcdatamodel;
		};
/* End XCVersionGroup section */
	};
	rootObject = 34E936F427906EB1003C5FD7 /* Project object */;
}
